
Microsoft Visual Studio Solution File, Format Version 12.00
# Visual Studio Version 17
VisualStudioVersion = 17.13.35913.81 d17.13
MinimumVisualStudioVersion = 10.0.40219.1
Project("{FAE04EC0-301F-11D3-BF4B-00C04F79EFBC}") = "HotelBookingSystem", "HotelBookingSystem\HotelBookingSystem.csproj", "{C5FD5196-468E-47DC-852C-656D292CC085}"
EndProject
Global
	GlobalSection(SolutionConfigurationPlatforms) = preSolution
		Debug|Any CPU = Debug|Any CPU
		Release|Any CPU = Release|Any CPU
	EndGlobalSection
	GlobalSection(ProjectConfigurationPlatforms) = postSolution
		{C5FD5196-468E-47DC-852C-656D292CC085}.Debug|Any CPU.ActiveCfg = Debug|Any CPU
		{C5FD5196-468E-47DC-852C-656D292CC085}.Debug|Any CPU.Build.0 = Debug|Any CPU
		{C5FD5196-468E-47DC-852C-656D292CC085}.Release|Any CPU.ActiveCfg = Release|Any CPU
		{C5FD5196-468E-47DC-852C-656D292CC085}.Release|Any CPU.Build.0 = Release|Any CPU
	EndGlobalSection
	GlobalSection(SolutionProperties) = preSolution
		HideSolutionNode = FALSE
	EndGlobalSection
	GlobalSection(ExtensibilityGlobals) = postSolution
		SolutionGuid = {944ED348-1412-4FE8-8CFB-557F8C61F535}
	EndGlobalSection
EndGlobal
